
Microsoft Visual Studio Solution File, Format Version 12.00
# Visual Studio Version 16
VisualStudioVersion = 16.0.31112.23
MinimumVisualStudioVersion = 10.0.40219.1
Project("{9092AA53-FB77-4645-B42D-1CCCA6BD08BD}") = "PotatoBot", "PotatoBot\PotatoBot.njsproj", "{D2B0617B-AA3A-480E-BEDE-916091E5B3E4}"
EndProject
Project("{9092AA53-FB77-4645-B42D-1CCCA6BD08BD}") = "SwearBot", "SwearBot\SwearBot.njsproj", "{6CCE4B95-1804-4BCE-84CE-CE5BEC99DBD0}"
EndProject
Project("{9092AA53-FB77-4645-B42D-1CCCA6BD08BD}") = "KrenkoBot", "KrenkoBot\KrenkoBot.njsproj", "{C535B79C-73D6-4EE8-B41A-645DAF2B0778}"
EndProject
Project("{2150E333-8FDC-42A3-9474-1A3956D46DE8}") = "Solution Items", "Solution Items", "{52AD466F-F859-4BFD-BAA2-2316BA99DD06}"
	ProjectSection(SolutionItems) = preProject
		install.bat = install.bat
		package.json = package.json
	EndProjectSection
EndProject
Global
	GlobalSection(SolutionConfigurationPlatforms) = preSolution
		Debug|Any CPU = Debug|Any CPU
		Release|Any CPU = Release|Any CPU
	EndGlobalSection
	GlobalSection(ProjectConfigurationPlatforms) = postSolution
		{D2B0617B-AA3A-480E-BEDE-916091E5B3E4}.Debug|Any CPU.ActiveCfg = Debug|Any CPU
		{D2B0617B-AA3A-480E-BEDE-916091E5B3E4}.Debug|Any CPU.Build.0 = Debug|Any CPU
		{D2B0617B-AA3A-480E-BEDE-916091E5B3E4}.Release|Any CPU.ActiveCfg = Release|Any CPU
		{D2B0617B-AA3A-480E-BEDE-916091E5B3E4}.Release|Any CPU.Build.0 = Release|Any CPU
		{6CCE4B95-1804-4BCE-84CE-CE5BEC99DBD0}.Debug|Any CPU.ActiveCfg = Debug|Any CPU
		{6CCE4B95-1804-4BCE-84CE-CE5BEC99DBD0}.Debug|Any CPU.Build.0 = Debug|Any CPU
		{6CCE4B95-1804-4BCE-84CE-CE5BEC99DBD0}.Release|Any CPU.ActiveCfg = Release|Any CPU
		{6CCE4B95-1804-4BCE-84CE-CE5BEC99DBD0}.Release|Any CPU.Build.0 = Release|Any CPU
		{C535B79C-73D6-4EE8-B41A-645DAF2B0778}.Debug|Any CPU.ActiveCfg = Debug|Any CPU
		{C535B79C-73D6-4EE8-B41A-645DAF2B0778}.Debug|Any CPU.Build.0 = Debug|Any CPU
		{C535B79C-73D6-4EE8-B41A-645DAF2B0778}.Release|Any CPU.ActiveCfg = Release|Any CPU
		{C535B79C-73D6-4EE8-B41A-645DAF2B0778}.Release|Any CPU.Build.0 = Release|Any CPU
	EndGlobalSection
	GlobalSection(SolutionProperties) = preSolution
		HideSolutionNode = FALSE
	EndGlobalSection
	GlobalSection(ExtensibilityGlobals) = postSolution
		SolutionGuid = {B1F02CF3-915D-44CD-9ABD-2777BE25F7AB}
	EndGlobalSection
EndGlobal
